
Microsoft Visual Studio Solution File, Format Version 12.00
# Visual Studio Version 16
VisualStudioVersion = 16.0.31424.327
MinimumVisualStudioVersion = 10.0.40219.1
Project("{FAE04EC0-301F-11D3-BF4B-00C04F79EFBC}") = "TaskApp.Android", "TaskApp\TaskApp.Android\TaskApp.Android.csproj", "{9AD9E6BF-6FF9-4A7F-AB0C-2002D3820BE1}"
EndProject
Project("{FAE04EC0-301F-11D3-BF4B-00C04F79EFBC}") = "TaskApp.iOS", "TaskApp\TaskApp.iOS\TaskApp.iOS.csproj", "{4A83C860-4E60-47E5-A56A-F2577542CE8C}"
EndProject
Project("{9A19103F-16F7-4668-BE54-9A1E7A4F7556}") = "TaskApp", "TaskApp\TaskApp\TaskApp.csproj", "{953278F3-5875-4D3E-9BD0-90866379A949}"
EndProject
Global
	GlobalSection(SolutionConfigurationPlatforms) = preSolution
		Debug|Any CPU = Debug|Any CPU
		Debug|iPhone = Debug|iPhone
		Debug|iPhoneSimulator = Debug|iPhoneSimulator
		Release|Any CPU = Release|Any CPU
		Release|iPhone = Release|iPhone
		Release|iPhoneSimulator = Release|iPhoneSimulator
	EndGlobalSection
	GlobalSection(ProjectConfigurationPlatforms) = postSolution
		{9AD9E6BF-6FF9-4A7F-AB0C-2002D3820BE1}.Debug|Any CPU.ActiveCfg = Debug|Any CPU
		{9AD9E6BF-6FF9-4A7F-AB0C-2002D3820BE1}.Debug|Any CPU.Build.0 = Debug|Any CPU
		{9AD9E6BF-6FF9-4A7F-AB0C-2002D3820BE1}.Debug|Any CPU.Deploy.0 = Debug|Any CPU
		{9AD9E6BF-6FF9-4A7F-AB0C-2002D3820BE1}.Debug|iPhone.ActiveCfg = Debug|Any CPU
		{9AD9E6BF-6FF9-4A7F-AB0C-2002D3820BE1}.Debug|iPhone.Build.0 = Debug|Any CPU
		{9AD9E6BF-6FF9-4A7F-AB0C-2002D3820BE1}.Debug|iPhone.Deploy.0 = Debug|Any CPU
		{9AD9E6BF-6FF9-4A7F-AB0C-2002D3820BE1}.Debug|iPhoneSimulator.ActiveCfg = Debug|Any CPU
		{9AD9E6BF-6FF9-4A7F-AB0C-2002D3820BE1}.Debug|iPhoneSimulator.Build.0 = Debug|Any CPU
		{9AD9E6BF-6FF9-4A7F-AB0C-2002D3820BE1}.Debug|iPhoneSimulator.Deploy.0 = Debug|Any CPU
		{9AD9E6BF-6FF9-4A7F-AB0C-2002D3820BE1}.Release|Any CPU.ActiveCfg = Release|Any CPU
		{9AD9E6BF-6FF9-4A7F-AB0C-2002D3820BE1}.Release|Any CPU.Build.0 = Release|Any CPU
		{9AD9E6BF-6FF9-4A7F-AB0C-2002D3820BE1}.Release|Any CPU.Deploy.0 = Release|Any CPU
		{9AD9E6BF-6FF9-4A7F-AB0C-2002D3820BE1}.Release|iPhone.ActiveCfg = Release|Any CPU
		{9AD9E6BF-6FF9-4A7F-AB0C-2002D3820BE1}.Release|iPhone.Build.0 = Release|Any CPU
		{9AD9E6BF-6FF9-4A7F-AB0C-2002D3820BE1}.Release|iPhone.Deploy.0 = Release|Any CPU
		{9AD9E6BF-6FF9-4A7F-AB0C-2002D3820BE1}.Release|iPhoneSimulator.ActiveCfg = Release|Any CPU
		{9AD9E6BF-6FF9-4A7F-AB0C-2002D3820BE1}.Release|iPhoneSimulator.Build.0 = Release|Any CPU
		{9AD9E6BF-6FF9-4A7F-AB0C-2002D3820BE1}.Release|iPhoneSimulator.Deploy.0 = Release|Any CPU
		{4A83C860-4E60-47E5-A56A-F2577542CE8C}.Debug|Any CPU.ActiveCfg = Debug|iPhoneSimulator
		{4A83C860-4E60-47E5-A56A-F2577542CE8C}.Debug|iPhone.ActiveCfg = Debug|iPhone
		{4A83C860-4E60-47E5-A56A-F2577542CE8C}.Debug|iPhone.Build.0 = Debug|iPhone
		{4A83C860-4E60-47E5-A56A-F2577542CE8C}.Debug|iPhoneSimulator.ActiveCfg = Debug|iPhoneSimulator
		{4A83C860-4E60-47E5-A56A-F2577542CE8C}.Debug|iPhoneSimulator.Build.0 = Debug|iPhoneSimulator
		{4A83C860-4E60-47E5-A56A-F2577542CE8C}.Release|Any CPU.ActiveCfg = Release|iPhoneSimulator
		{4A83C860-4E60-47E5-A56A-F2577542CE8C}.Release|iPhone.ActiveCfg = Release|iPhone
		{4A83C860-4E60-47E5-A56A-F2577542CE8C}.Release|iPhone.Build.0 = Release|iPhone
		{4A83C860-4E60-47E5-A56A-F2577542CE8C}.Release|iPhoneSimulator.ActiveCfg = Release|iPhoneSimulator
		{4A83C860-4E60-47E5-A56A-F2577542CE8C}.Release|iPhoneSimulator.Build.0 = Release|iPhoneSimulator
		{953278F3-5875-4D3E-9BD0-90866379A949}.Debug|Any CPU.ActiveCfg = Debug|Any CPU
		{953278F3-5875-4D3E-9BD0-90866379A949}.Debug|Any CPU.Build.0 = Debug|Any CPU
		{953278F3-5875-4D3E-9BD0-90866379A949}.Debug|iPhone.ActiveCfg = Debug|Any CPU
		{953278F3-5875-4D3E-9BD0-90866379A949}.Debug|iPhone.Build.0 = Debug|Any CPU
		{953278F3-5875-4D3E-9BD0-90866379A949}.Debug|iPhoneSimulator.ActiveCfg = Debug|Any CPU
		{953278F3-5875-4D3E-9BD0-90866379A949}.Debug|iPhoneSimulator.Build.0 = Debug|Any CPU
		{953278F3-5875-4D3E-9BD0-90866379A949}.Release|Any CPU.ActiveCfg = Release|Any CPU
		{953278F3-5875-4D3E-9BD0-90866379A949}.Release|Any CPU.Build.0 = Release|Any CPU
		{953278F3-5875-4D3E-9BD0-90866379A949}.Release|iPhone.ActiveCfg = Release|Any CPU
		{953278F3-5875-4D3E-9BD0-90866379A949}.Release|iPhone.Build.0 = Release|Any CPU
		{953278F3-5875-4D3E-9BD0-90866379A949}.Release|iPhoneSimulator.ActiveCfg = Release|Any CPU
		{953278F3-5875-4D3E-9BD0-90866379A949}.Release|iPhoneSimulator.Build.0 = Release|Any CPU
	EndGlobalSection
	GlobalSection(SolutionProperties) = preSolution
		HideSolutionNode = FALSE
	EndGlobalSection
	GlobalSection(ExtensibilityGlobals) = postSolution
		SolutionGuid = {96B3EC2D-F27A-4AAA-92FD-2469BF701EF9}
	EndGlobalSection
EndGlobal
